Microsoft Visual Studio Solution File, Format Version 12.00
# Visual Studio 11
Project("{8BC9CEB8-8B4A-11D0-8D11-00A0C91BC942}") = "ALL_BUILD", "ALL_BUILD.vcxproj", "{E8E60E18-BF50-457B-8209-D1D922571E06}"
	ProjectSection(ProjectDependencies) = postProject
		{0CE5AB2D-4A1B-43C7-9046-0FF48AB5B516} = {0CE5AB2D-4A1B-43C7-9046-0FF48AB5B516}
		{C2F2D8F1-AE8B-47A3-8B0A-B0B392749876} = {C2F2D8F1-AE8B-47A3-8B0A-B0B392749876}
	EndProjectSection
EndProject
Project("{8BC9CEB8-8B4A-11D0-8D11-00A0C91BC942}") = "INSTALL", "INSTALL.vcxproj", "{4637BCC2-5A82-428D-A0AF-08830893429B}"
	ProjectSection(ProjectDependencies) = postProject
		{E8E60E18-BF50-457B-8209-D1D922571E06} = {E8E60E18-BF50-457B-8209-D1D922571E06}
	EndProjectSection
EndProject
Project("{8BC9CEB8-8B4A-11D0-8D11-00A0C91BC942}") = "ZERO_CHECK", "..\ZERO_CHECK.vcxproj", "{AF858B06-B8EE-426A-A38B-990D51C52FDB}"
	ProjectSection(ProjectDependencies) = postProject
	EndProjectSection
EndProject
Project("{8BC9CEB8-8B4A-11D0-8D11-00A0C91BC942}") = "libwebqq", "libwebqq.vcxproj", "{0CE5AB2D-4A1B-43C7-9046-0FF48AB5B516}"
	ProjectSection(ProjectDependencies) = postProject
		{AF858B06-B8EE-426A-A38B-990D51C52FDB} = {AF858B06-B8EE-426A-A38B-990D51C52FDB}
		{C2F2D8F1-AE8B-47A3-8B0A-B0B392749876} = {C2F2D8F1-AE8B-47A3-8B0A-B0B392749876}
	EndProjectSection
EndProject
Project("{8BC9CEB8-8B4A-11D0-8D11-00A0C91BC942}") = "urdl", "urdl\urdl.vcxproj", "{C2F2D8F1-AE8B-47A3-8B0A-B0B392749876}"
	ProjectSection(ProjectDependencies) = postProject
		{AF858B06-B8EE-426A-A38B-990D51C52FDB} = {AF858B06-B8EE-426A-A38B-990D51C52FDB}
	EndProjectSection
EndProject
Global
	GlobalSection(SolutionConfigurationPlatforms) = preSolution
		Debug|Win32 = Debug|Win32
		Release|Win32 = Release|Win32
		MinSizeRel|Win32 = MinSizeRel|Win32
		RelWithDebInfo|Win32 = RelWithDebInfo|Win32
	EndGlobalSection
	GlobalSection(ProjectConfigurationPlatforms) = postSolution
		{E8E60E18-BF50-457B-8209-D1D922571E06}.Debug|Win32.ActiveCfg = Debug|Win32
		{E8E60E18-BF50-457B-8209-D1D922571E06}.Debug|Win32.Build.0 = Debug|Win32
		{E8E60E18-BF50-457B-8209-D1D922571E06}.Release|Win32.ActiveCfg = Release|Win32
		{E8E60E18-BF50-457B-8209-D1D922571E06}.Release|Win32.Build.0 = Release|Win32
		{E8E60E18-BF50-457B-8209-D1D922571E06}.MinSizeRel|Win32.ActiveCfg = MinSizeRel|Win32
		{E8E60E18-BF50-457B-8209-D1D922571E06}.MinSizeRel|Win32.Build.0 = MinSizeRel|Win32
		{E8E60E18-BF50-457B-8209-D1D922571E06}.RelWithDebInfo|Win32.ActiveCfg = RelWithDebInfo|Win32
		{E8E60E18-BF50-457B-8209-D1D922571E06}.RelWithDebInfo|Win32.Build.0 = RelWithDebInfo|Win32
		{4637BCC2-5A82-428D-A0AF-08830893429B}.Debug|Win32.ActiveCfg = Debug|Win32
		{4637BCC2-5A82-428D-A0AF-08830893429B}.Release|Win32.ActiveCfg = Release|Win32
		{4637BCC2-5A82-428D-A0AF-08830893429B}.MinSizeRel|Win32.ActiveCfg = MinSizeRel|Win32
		{4637BCC2-5A82-428D-A0AF-08830893429B}.RelWithDebInfo|Win32.ActiveCfg = RelWithDebInfo|Win32
		{AF858B06-B8EE-426A-A38B-990D51C52FDB}.Debug|Win32.ActiveCfg = Debug|Win32
		{AF858B06-B8EE-426A-A38B-990D51C52FDB}.Debug|Win32.Build.0 = Debug|Win32
		{AF858B06-B8EE-426A-A38B-990D51C52FDB}.Release|Win32.ActiveCfg = Release|Win32
		{AF858B06-B8EE-426A-A38B-990D51C52FDB}.Release|Win32.Build.0 = Release|Win32
		{AF858B06-B8EE-426A-A38B-990D51C52FDB}.MinSizeRel|Win32.ActiveCfg = MinSizeRel|Win32
		{AF858B06-B8EE-426A-A38B-990D51C52FDB}.MinSizeRel|Win32.Build.0 = MinSizeRel|Win32
		{AF858B06-B8EE-426A-A38B-990D51C52FDB}.RelWithDebInfo|Win32.ActiveCfg = RelWithDebInfo|Win32
		{AF858B06-B8EE-426A-A38B-990D51C52FDB}.RelWithDebInfo|Win32.Build.0 = RelWithDebInfo|Win32
		{0CE5AB2D-4A1B-43C7-9046-0FF48AB5B516}.Debug|Win32.ActiveCfg = Debug|Win32
		{0CE5AB2D-4A1B-43C7-9046-0FF48AB5B516}.Debug|Win32.Build.0 = Debug|Win32
		{0CE5AB2D-4A1B-43C7-9046-0FF48AB5B516}.Release|Win32.ActiveCfg = Release|Win32
		{0CE5AB2D-4A1B-43C7-9046-0FF48AB5B516}.Release|Win32.Build.0 = Release|Win32
		{0CE5AB2D-4A1B-43C7-9046-0FF48AB5B516}.MinSizeRel|Win32.ActiveCfg = MinSizeRel|Win32
		{0CE5AB2D-4A1B-43C7-9046-0FF48AB5B516}.MinSizeRel|Win32.Build.0 = MinSizeRel|Win32
		{0CE5AB2D-4A1B-43C7-9046-0FF48AB5B516}.RelWithDebInfo|Win32.ActiveCfg = RelWithDebInfo|Win32
		{0CE5AB2D-4A1B-43C7-9046-0FF48AB5B516}.RelWithDebInfo|Win32.Build.0 = RelWithDebInfo|Win32
		{C2F2D8F1-AE8B-47A3-8B0A-B0B392749876}.Debug|Win32.ActiveCfg = Debug|Win32
		{C2F2D8F1-AE8B-47A3-8B0A-B0B392749876}.Debug|Win32.Build.0 = Debug|Win32
		{C2F2D8F1-AE8B-47A3-8B0A-B0B392749876}.Release|Win32.ActiveCfg = Release|Win32
		{C2F2D8F1-AE8B-47A3-8B0A-B0B392749876}.Release|Win32.Build.0 = Release|Win32
		{C2F2D8F1-AE8B-47A3-8B0A-B0B392749876}.MinSizeRel|Win32.ActiveCfg = MinSizeRel|Win32
		{C2F2D8F1-AE8B-47A3-8B0A-B0B392749876}.MinSizeRel|Win32.Build.0 = MinSizeRel|Win32
		{C2F2D8F1-AE8B-47A3-8B0A-B0B392749876}.RelWithDebInfo|Win32.ActiveCfg = RelWithDebInfo|Win32
		{C2F2D8F1-AE8B-47A3-8B0A-B0B392749876}.RelWithDebInfo|Win32.Build.0 = RelWithDebInfo|Win32
	EndGlobalSection
	GlobalSection(ExtensibilityGlobals) = postSolution
	EndGlobalSection
	GlobalSection(ExtensibilityAddIns) = postSolution
	EndGlobalSection
EndGlobal
